{
  "meteor": {},
  "dependencies": {
    "basePackages": {
      "iron-router": {},
      "typescript-libs": {},
      "sharejs": {},
      "jquery-ui": {},
      "jquery-ui-bootstrap": {},
      "famono": {}
    },
    "packages": {
      "iron-router": {
        "git": "https://github.com/EventedMind/iron-router.git",
        "tag": "v0.7.1",
        "commit": "d1ffb3f06ea4c112132b030f2eb1a70b81675ecb"
      },
      "typescript-libs": {
        "git": "https://github.com/orefalo/meteor-typescript-libs.git",
        "tag": "v0.1.16",
        "commit": "9838eec81baf55ddf038d85c5ccc3172730ef0b0"
      },
      "sharejs": {
        "git": "https://github.com/mizzao/meteor-sharejs.git",
        "tag": "v0.5.2",
        "commit": "1d8137b59906ce210b2f5c015b7b142735bc2f4e"
      },
      "jquery-ui": {
        "git": "https://github.com/TimHeckel/meteor-jquery-ui.git",
        "tag": "v1.9.2",
        "commit": "c437d45edcf1367df8d5ffa8bad2867758030bd2"
      },
      "jquery-ui-bootstrap": {
        "git": "https://github.com/TimHeckel/meteor-jquery-ui-bootstrap.git",
        "tag": "v0.1.2",
        "commit": "fa742a85639307003e105898e15b631394b63509"
      },
      "famono": {
        "git": "https://github.com/raix/Meteor-famono.git",
        "tag": "v0.3.16",
        "commit": "7642dde4587c7d5dea788b866265c57d99da2d32"
      },
      "blaze-layout": {
        "git": "https://github.com/EventedMind/blaze-layout.git",
        "tag": "v0.2.4",
        "commit": "b40e9b0612329288d75cf52ad14a7da64bb8618f"
      }
    }
  }
}
